
Microsoft Visual Studio Solution File, Format Version 12.00
# Visual Studio Version 16
VisualStudioVersion = 16.0.32106.194
MinimumVisualStudioVersion = 10.0.40219.1
Project("{FAE04EC0-301F-11D3-BF4B-00C04F79EFBC}") = "Employee Profile and Complaint", "Employee Profile and Complaint\Employee Profile and Complaint.csproj", "{EDC52673-B01B-4F5E-A8A9-AA5912267F63}"
EndProject
Global
	GlobalSection(SolutionConfigurationPlatforms) = preSolution
		Debug|Any CPU = Debug|Any CPU
		Release|Any CPU = Release|Any CPU
	EndGlobalSection
	GlobalSection(ProjectConfigurationPlatforms) = postSolution
		{EDC52673-B01B-4F5E-A8A9-AA5912267F63}.Debug|Any CPU.ActiveCfg = Debug|Any CPU
		{EDC52673-B01B-4F5E-A8A9-AA5912267F63}.Debug|Any CPU.Build.0 = Debug|Any CPU
		{EDC52673-B01B-4F5E-A8A9-AA5912267F63}.Release|Any CPU.ActiveCfg = Release|Any CPU
		{EDC52673-B01B-4F5E-A8A9-AA5912267F63}.Release|Any CPU.Build.0 = Release|Any CPU
	EndGlobalSection
	GlobalSection(SolutionProperties) = preSolution
		HideSolutionNode = FALSE
	EndGlobalSection
	GlobalSection(ExtensibilityGlobals) = postSolution
		SolutionGuid = {F5BACDDD-1B79-49A1-8AFD-3E75B6F7D3DF}
	EndGlobalSection
EndGlobal
